<Solution>
  <Configurations>
    <Platform Name="x64" />
  </Configurations>
  <Project Path="../Trading Assistant.Service/Trading Assistant.Service.csproj">
    <Platform Project="x64" />
  </Project>
  <Project Path="Trading Assistant.csproj">
    <Platform Project="x64" />
  </Project>
</Solution>
