Microsoft Visual Studio Solution File, Format Version 12.00
# Visual Studio Version 17
VisualStudioVersion = 17.5.2.0
MinimumVisualStudioVersion = 10.0.40219.1
Project("{FAE04EC0-301F-11D3-BF4B-00C04F79EFBC}") = "Trading Assistant.Service", "Trading Assistant.Service.csproj", "{0DB6176C-4113-A0E5-92E0-465559E5AF02}"
EndProject
Global
	GlobalSection(SolutionConfigurationPlatforms) = preSolution
		Debug|Any CPU = Debug|Any CPU
		Release|Any CPU = Release|Any CPU
	EndGlobalSection
	GlobalSection(ProjectConfigurationPlatforms) = postSolution
		{0DB6176C-4113-A0E5-92E0-465559E5AF02}.Debug|Any CPU.ActiveCfg = Debug|Any CPU
		{0DB6176C-4113-A0E5-92E0-465559E5AF02}.Debug|Any CPU.Build.0 = Debug|Any CPU
		{0DB6176C-4113-A0E5-92E0-465559E5AF02}.Release|Any CPU.ActiveCfg = Release|Any CPU
		{0DB6176C-4113-A0E5-92E0-465559E5AF02}.Release|Any CPU.Build.0 = Release|Any CPU
	EndGlobalSection
	GlobalSection(SolutionProperties) = preSolution
		HideSolutionNode = FALSE
	EndGlobalSection
	GlobalSection(ExtensibilityGlobals) = postSolution
		SolutionGuid = {B1D21DDD-BFD3-4BCD-956F-20EA7A6A6ED3}
	EndGlobalSection
EndGlobal
